
Microsoft Visual Studio Solution File, Format Version 12.00
# Visual Studio Version 16
VisualStudioVersion = 16.0.32901.82
MinimumVisualStudioVersion = 10.0.40219.1
Project("{FAE04EC0-301F-11D3-BF4B-00C04F79EFBC}") = "StudentInformationSystem", "StudentInformationSystem\StudentInformationSystem.csproj", "{FE92F301-C179-41C4-AEE2-631AC5BC9B7C}"
EndProject
Global
	GlobalSection(SolutionConfigurationPlatforms) = preSolution
		Debug|Any CPU = Debug|Any CPU
		Release|Any CPU = Release|Any CPU
	EndGlobalSection
	GlobalSection(ProjectConfigurationPlatforms) = postSolution
		{FE92F301-C179-41C4-AEE2-631AC5BC9B7C}.Debug|Any CPU.ActiveCfg = Debug|Any CPU
		{FE92F301-C179-41C4-AEE2-631AC5BC9B7C}.Debug|Any CPU.Build.0 = Debug|Any CPU
		{FE92F301-C179-41C4-AEE2-631AC5BC9B7C}.Release|Any CPU.ActiveCfg = Release|Any CPU
		{FE92F301-C179-41C4-AEE2-631AC5BC9B7C}.Release|Any CPU.Build.0 = Release|Any CPU
	EndGlobalSection
	GlobalSection(SolutionProperties) = preSolution
		HideSolutionNode = FALSE
	EndGlobalSection
	GlobalSection(ExtensibilityGlobals) = postSolution
		SolutionGuid = {7B1CB854-72FE-415E-A0BC-27E81590F65B}
	EndGlobalSection
EndGlobal
